
Microsoft Visual Studio Solution File, Format Version 12.00
# Visual Studio 14
VisualStudioVersion = 14.0.23107.0
MinimumVisualStudioVersion = 10.0.40219.1
Project("{FAE04EC0-301F-11D3-BF4B-00C04F79EFBC}") = "IGP.Tools.EmulatorCore", "IGP.Tools.EmulatorCore\IGP.Tools.EmulatorCore.csproj", "{86B9BCB5-8E72-4627-BB05-8E640C083BA3}"
EndProject
Project("{2150E333-8FDC-42A3-9474-1A3956D46DE8}") = "Tests", "Tests", "{AD2426FE-8604-4B92-AAA7-C8AA032605FF}"
EndProject
Project("{FAE04EC0-301F-11D3-BF4B-00C04F79EFBC}") = "IGP.Tools.EmulatorCore.Tests", "IGP.Tools.EmulatorCore.Tests\IGP.Tools.EmulatorCore.Tests.csproj", "{FD21C195-19E1-4C1D-A993-2BF3EBB26075}"
EndProject
Project("{2150E333-8FDC-42A3-9474-1A3956D46DE8}") = ".nuget", ".nuget", "{45357C29-B399-4C0B-896A-ADF20CB4C633}"
	ProjectSection(SolutionItems) = preProject
		.nuget\NuGet.Config = .nuget\NuGet.Config
		.nuget\NuGet.exe = .nuget\NuGet.exe
		.nuget\NuGet.targets = .nuget\NuGet.targets
	EndProjectSection
EndProject
Project("{FAE04EC0-301F-11D3-BF4B-00C04F79EFBC}") = "SBL.Common", "SBL.Common\SBL.Common.csproj", "{7CFD3478-C25C-48DC-8129-1317447C9CBB}"
EndProject
Project("{FAE04EC0-301F-11D3-BF4B-00C04F79EFBC}") = "IGP.Tools.IO", "IGP.Tools.IO\IGP.Tools.IO.csproj", "{08EF7824-A7E9-4D86-93F1-FB3321D4E580}"
EndProject
Project("{FAE04EC0-301F-11D3-BF4B-00C04F79EFBC}") = "IGP.Tools.IO.Tests", "IGP.Tools.IO.Tests\IGP.Tools.IO.Tests.csproj", "{3F0062B0-5D5F-4EFA-93CD-702E4F8F8324}"
EndProject
Project("{FAE04EC0-301F-11D3-BF4B-00C04F79EFBC}") = "IGP.Tools.DeviceEmulator", "IGP.Tools.DeviceEmulator\IGP.Tools.DeviceEmulator.csproj", "{31B531D1-6316-49A3-865C-26BAA3966D04}"
EndProject
Project("{2150E333-8FDC-42A3-9474-1A3956D46DE8}") = "Configs", "Configs", "{2EEBFDD8-99A1-4E10-8D33-058431F032B8}"
EndProject
Project("{2150E333-8FDC-42A3-9474-1A3956D46DE8}") = "Devices", "Devices", "{02411E82-9693-440A-925F-424716734FEB}"
	ProjectSection(SolutionItems) = preProject
		Configs\devices\CL31.xml = Configs\devices\CL31.xml
		Configs\devices\DVO_2M_NEW.xml = Configs\devices\DVO_2M_NEW.xml
		Configs\devices\DVO_2M_rand.xml = Configs\devices\DVO_2M_rand.xml
		Configs\devices\FD12_mes6.xml = Configs\devices\FD12_mes6.xml
		Configs\devices\FD12P_mes2.xml = Configs\devices\FD12P_mes2.xml
		Configs\devices\FD12P_mes7.xml = Configs\devices\FD12P_mes7.xml
		Configs\devices\FS11_mes2.xml = Configs\devices\FS11_mes2.xml
		Configs\devices\HMP155.xml = Configs\devices\HMP155.xml
		Configs\devices\LT31.xml = Configs\devices\LT31.xml
		Configs\devices\Metronom.xml = Configs\devices\Metronom.xml
		Configs\devices\MITRAS.xml = Configs\devices\MITRAS.xml
		Configs\devices\PTB00 and TU1.xml = Configs\devices\PTB00 and TU1.xml
		Configs\devices\PTB220.xml = Configs\devices\PTB220.xml
		Configs\devices\QLI.xml = Configs\devices\QLI.xml
		Configs\devices\ROSA.xml = Configs\devices\ROSA.xml
		Configs\devices\TSS928.xml = Configs\devices\TSS928.xml
		Configs\devices\WAT15.xml = Configs\devices\WAT15.xml
		Configs\devices\WT521+T.xml = Configs\devices\WT521+T.xml
		Configs\devices\WT521.xml = Configs\devices\WT521.xml
		Configs\devices\YURA_WIND.xml = Configs\devices\YURA_WIND.xml
		Configs\devices\ДОЛ-2.xml = Configs\devices\ДОЛ-2.xml
		Configs\devices\ИПВ-У.xml = Configs\devices\ИПВ-У.xml
	EndProjectSection
EndProject
Project("{FAE04EC0-301F-11D3-BF4B-00C04F79EFBC}") = "IGP.Tools.DeviceEmulatorManager", "IGP.Tools.DeviceEmulatorManager\IGP.Tools.DeviceEmulatorManager.csproj", "{494C2101-912A-43FE-B685-28C309526E9A}"
EndProject
Project("{FAE04EC0-301F-11D3-BF4B-00C04F79EFBC}") = "SBL.WPF.Controls", "SBL.WPF.Controls\SBL.WPF.Controls.csproj", "{445D12E0-6A41-43FB-95D3-45CB05D102BA}"
EndProject
Global
	GlobalSection(SolutionConfigurationPlatforms) = preSolution
		Debug|Any CPU = Debug|Any CPU
		Release|Any CPU = Release|Any CPU
	EndGlobalSection
	GlobalSection(ProjectConfigurationPlatforms) = postSolution
		{86B9BCB5-8E72-4627-BB05-8E640C083BA3}.Debug|Any CPU.ActiveCfg = Debug|Any CPU
		{86B9BCB5-8E72-4627-BB05-8E640C083BA3}.Debug|Any CPU.Build.0 = Debug|Any CPU
		{86B9BCB5-8E72-4627-BB05-8E640C083BA3}.Release|Any CPU.ActiveCfg = Release|Any CPU
		{86B9BCB5-8E72-4627-BB05-8E640C083BA3}.Release|Any CPU.Build.0 = Release|Any CPU
		{FD21C195-19E1-4C1D-A993-2BF3EBB26075}.Debug|Any CPU.ActiveCfg = Debug|Any CPU
		{FD21C195-19E1-4C1D-A993-2BF3EBB26075}.Debug|Any CPU.Build.0 = Debug|Any CPU
		{FD21C195-19E1-4C1D-A993-2BF3EBB26075}.Release|Any CPU.ActiveCfg = Release|Any CPU
		{FD21C195-19E1-4C1D-A993-2BF3EBB26075}.Release|Any CPU.Build.0 = Release|Any CPU
		{7CFD3478-C25C-48DC-8129-1317447C9CBB}.Debug|Any CPU.ActiveCfg = Debug|Any CPU
		{7CFD3478-C25C-48DC-8129-1317447C9CBB}.Debug|Any CPU.Build.0 = Debug|Any CPU
		{7CFD3478-C25C-48DC-8129-1317447C9CBB}.Release|Any CPU.ActiveCfg = Release|Any CPU
		{7CFD3478-C25C-48DC-8129-1317447C9CBB}.Release|Any CPU.Build.0 = Release|Any CPU
		{08EF7824-A7E9-4D86-93F1-FB3321D4E580}.Debug|Any CPU.ActiveCfg = Debug|Any CPU
		{08EF7824-A7E9-4D86-93F1-FB3321D4E580}.Debug|Any CPU.Build.0 = Debug|Any CPU
		{08EF7824-A7E9-4D86-93F1-FB3321D4E580}.Release|Any CPU.ActiveCfg = Release|Any CPU
		{08EF7824-A7E9-4D86-93F1-FB3321D4E580}.Release|Any CPU.Build.0 = Release|Any CPU
		{3F0062B0-5D5F-4EFA-93CD-702E4F8F8324}.Debug|Any CPU.ActiveCfg = Debug|Any CPU
		{3F0062B0-5D5F-4EFA-93CD-702E4F8F8324}.Debug|Any CPU.Build.0 = Debug|Any CPU
		{3F0062B0-5D5F-4EFA-93CD-702E4F8F8324}.Release|Any CPU.ActiveCfg = Release|Any CPU
		{3F0062B0-5D5F-4EFA-93CD-702E4F8F8324}.Release|Any CPU.Build.0 = Release|Any CPU
		{31B531D1-6316-49A3-865C-26BAA3966D04}.Debug|Any CPU.ActiveCfg = Debug|Any CPU
		{31B531D1-6316-49A3-865C-26BAA3966D04}.Debug|Any CPU.Build.0 = Debug|Any CPU
		{31B531D1-6316-49A3-865C-26BAA3966D04}.Release|Any CPU.ActiveCfg = Release|Any CPU
		{31B531D1-6316-49A3-865C-26BAA3966D04}.Release|Any CPU.Build.0 = Release|Any CPU
		{494C2101-912A-43FE-B685-28C309526E9A}.Debug|Any CPU.ActiveCfg = Debug|Any CPU
		{494C2101-912A-43FE-B685-28C309526E9A}.Debug|Any CPU.Build.0 = Debug|Any CPU
		{494C2101-912A-43FE-B685-28C309526E9A}.Release|Any CPU.ActiveCfg = Release|Any CPU
		{494C2101-912A-43FE-B685-28C309526E9A}.Release|Any CPU.Build.0 = Release|Any CPU
		{445D12E0-6A41-43FB-95D3-45CB05D102BA}.Debug|Any CPU.ActiveCfg = Debug|Any CPU
		{445D12E0-6A41-43FB-95D3-45CB05D102BA}.Debug|Any CPU.Build.0 = Debug|Any CPU
		{445D12E0-6A41-43FB-95D3-45CB05D102BA}.Release|Any CPU.ActiveCfg = Release|Any CPU
		{445D12E0-6A41-43FB-95D3-45CB05D102BA}.Release|Any CPU.Build.0 = Release|Any CPU
	EndGlobalSection
	GlobalSection(SolutionProperties) = preSolution
		HideSolutionNode = FALSE
	EndGlobalSection
	GlobalSection(NestedProjects) = preSolution
		{FD21C195-19E1-4C1D-A993-2BF3EBB26075} = {AD2426FE-8604-4B92-AAA7-C8AA032605FF}
		{3F0062B0-5D5F-4EFA-93CD-702E4F8F8324} = {AD2426FE-8604-4B92-AAA7-C8AA032605FF}
		{02411E82-9693-440A-925F-424716734FEB} = {2EEBFDD8-99A1-4E10-8D33-058431F032B8}
	EndGlobalSection
EndGlobal
